
Microsoft Visual Studio Solution File, Format Version 12.00
# Visual Studio Version 17
VisualStudioVersion = 17.8.34330.188
MinimumVisualStudioVersion = 10.0.40219.1
Project("{FAE04EC0-301F-11D3-BF4B-00C04F79EFBC}") = "StudentManagementSystem", "StudentManagementSystem\StudentManagementSystem.csproj", "{C809EC22-C158-4BAA-9668-37D0CD7621E2}"
EndProject
Project("{FAE04EC0-301F-11D3-BF4B-00C04F79EFBC}") = "StudentManagementTests.cs", "StudentManagementTests.cs\StudentManagementTests.cs.csproj", "{D6A83AD6-8E9C-473D-80E0-704528482AFE}"
EndProject
Global
	GlobalSection(SolutionConfigurationPlatforms) = preSolution
		Debug|Any CPU = Debug|Any CPU
		Release|Any CPU = Release|Any CPU
	EndGlobalSection
	GlobalSection(ProjectConfigurationPlatforms) = postSolution
		{C809EC22-C158-4BAA-9668-37D0CD7621E2}.Debug|Any CPU.ActiveCfg = Debug|Any CPU
		{C809EC22-C158-4BAA-9668-37D0CD7621E2}.Debug|Any CPU.Build.0 = Debug|Any CPU
		{C809EC22-C158-4BAA-9668-37D0CD7621E2}.Release|Any CPU.ActiveCfg = Release|Any CPU
		{C809EC22-C158-4BAA-9668-37D0CD7621E2}.Release|Any CPU.Build.0 = Release|Any CPU
		{D6A83AD6-8E9C-473D-80E0-704528482AFE}.Debug|Any CPU.ActiveCfg = Debug|Any CPU
		{D6A83AD6-8E9C-473D-80E0-704528482AFE}.Debug|Any CPU.Build.0 = Debug|Any CPU
		{D6A83AD6-8E9C-473D-80E0-704528482AFE}.Release|Any CPU.ActiveCfg = Release|Any CPU
		{D6A83AD6-8E9C-473D-80E0-704528482AFE}.Release|Any CPU.Build.0 = Release|Any CPU
	EndGlobalSection
	GlobalSection(SolutionProperties) = preSolution
		HideSolutionNode = FALSE
	EndGlobalSection
	GlobalSection(ExtensibilityGlobals) = postSolution
		SolutionGuid = {7E1267BF-8908-4C68-859E-F428F65B060C}
	EndGlobalSection
EndGlobal
